
Microsoft Visual Studio Solution File, Format Version 12.00
Project("{2150E333-8FDC-42A3-9474-1A3956D46DE8}") = "src", "src", "{E1594647-67D1-460B-A396-FA391EECD718}"
EndProject
Project("{FAE04EC0-301F-11D3-BF4B-00C04F79EFBC}") = "Cosmos.Flowers", "src\Cosmos.Flowers\Cosmos.Flowers.csproj", "{785F42DE-D28C-4773-9600-39A9915A9DA6}"
EndProject
Global
	GlobalSection(SolutionConfigurationPlatforms) = preSolution
		Debug|Any CPU = Debug|Any CPU
		Release|Any CPU = Release|Any CPU
	EndGlobalSection
	GlobalSection(NestedProjects) = preSolution
		{785F42DE-D28C-4773-9600-39A9915A9DA6} = {E1594647-67D1-460B-A396-FA391EECD718}
	EndGlobalSection
	GlobalSection(ProjectConfigurationPlatforms) = postSolution
		{785F42DE-D28C-4773-9600-39A9915A9DA6}.Debug|Any CPU.ActiveCfg = Debug|Any CPU
		{785F42DE-D28C-4773-9600-39A9915A9DA6}.Debug|Any CPU.Build.0 = Debug|Any CPU
		{785F42DE-D28C-4773-9600-39A9915A9DA6}.Release|Any CPU.ActiveCfg = Release|Any CPU
		{785F42DE-D28C-4773-9600-39A9915A9DA6}.Release|Any CPU.Build.0 = Release|Any CPU
	EndGlobalSection
EndGlobal
